
Microsoft Visual Studio Solution File, Format Version 12.00
# Visual Studio Version 16
VisualStudioVersion = 16.0.30320.27
MinimumVisualStudioVersion = 10.0.40219.1
Project("{FAE04EC0-301F-11D3-BF4B-00C04F79EFBC}") = "ChangDocumentName", "ChangDocumentName\ChangDocumentName.csproj", "{5C1940BF-6CF5-4EDD-BE9B-38349B6E5130}"
EndProject
Global
	GlobalSection(SolutionConfigurationPlatforms) = preSolution
		Debug|Any CPU = Debug|Any CPU
		Release|Any CPU = Release|Any CPU
	EndGlobalSection
	GlobalSection(ProjectConfigurationPlatforms) = postSolution
		{5C1940BF-6CF5-4EDD-BE9B-38349B6E5130}.Debug|Any CPU.ActiveCfg = Debug|Any CPU
		{5C1940BF-6CF5-4EDD-BE9B-38349B6E5130}.Debug|Any CPU.Build.0 = Debug|Any CPU
		{5C1940BF-6CF5-4EDD-BE9B-38349B6E5130}.Release|Any CPU.ActiveCfg = Release|Any CPU
		{5C1940BF-6CF5-4EDD-BE9B-38349B6E5130}.Release|Any CPU.Build.0 = Release|Any CPU
	EndGlobalSection
	GlobalSection(SolutionProperties) = preSolution
		HideSolutionNode = FALSE
	EndGlobalSection
	GlobalSection(ExtensibilityGlobals) = postSolution
		SolutionGuid = {C9019EB8-D3E1-4447-888B-2836CC5805C7}
	EndGlobalSection
EndGlobal
